
Microsoft Visual Studio Solution File, Format Version 12.00
# Visual Studio Version 17
VisualStudioVersion = 17.2.32526.322
MinimumVisualStudioVersion = 10.0.40219.1
Project("{FAE04EC0-301F-11D3-BF4B-00C04F79EFBC}") = "Client", "Client\Client.csproj", "{09746C36-B6D0-47EF-BBAE-92D4670D22ED}"
EndProject
Global
	GlobalSection(SolutionConfigurationPlatforms) = preSolution
		Debug|Any CPU = Debug|Any CPU
		Release|Any CPU = Release|Any CPU
	EndGlobalSection
	GlobalSection(ProjectConfigurationPlatforms) = postSolution
		{09746C36-B6D0-47EF-BBAE-92D4670D22ED}.Debug|Any CPU.ActiveCfg = Debug|Any CPU
		{09746C36-B6D0-47EF-BBAE-92D4670D22ED}.Debug|Any CPU.Build.0 = Debug|Any CPU
		{09746C36-B6D0-47EF-BBAE-92D4670D22ED}.Release|Any CPU.ActiveCfg = Release|Any CPU
		{09746C36-B6D0-47EF-BBAE-92D4670D22ED}.Release|Any CPU.Build.0 = Release|Any CPU
	EndGlobalSection
	GlobalSection(SolutionProperties) = preSolution
		HideSolutionNode = FALSE
	EndGlobalSection
	GlobalSection(ExtensibilityGlobals) = postSolution
		SolutionGuid = {87E32384-654D-4F56-A12F-4F72AFDF78D6}
	EndGlobalSection
EndGlobal
